// !$*UTF8*$!
{
	archiveVersion = 1;
	classes = {
	};
	objectVersion = 48;
	objects = {

/* Begin PBXBuildFile section */
		79315CAF23CBF51D4B5470C3 /* Pods_Rocket_MapperTests.framework in Frameworks */ = {isa = PBXBuildFile; fileRef = ADEFA32765F21073CA2173F1 /* Pods_Rocket_MapperTests.framework */; };
		809E682341A1D75CC6855D36 /* Pods_Rocket_MapperUITests.framework in Frameworks */ = {isa = PBXBuildFile; fileRef = 35B206D7EAFE2E4327D6CE1C /* Pods_Rocket_MapperUITests.framework */; };
		B0216A5E80F376844788947F /* Pods_Rocket_Mapper.framework in Frameworks */ = {isa = PBXBuildFile; fileRef = F0459680C10A9A005629345B /* Pods_Rocket_Mapper.framework */; };
		B9004BFE208BC85600781D5E /* AppDelegate.swift in Sources */ = {isa = PBXBuildFile; fileRef = B9004BFD208BC85600781D5E /* AppDelegate.swift */; };
		B9004C00208BC85600781D5E /* MapsViewController.swift in Sources */ = {isa = PBXBuildFile; fileRef = B9004BFF208BC85600781D5E /* MapsViewController.swift */; };
		B9004C03208BC85600781D5E /* Main.storyboard in Resources */ = {isa = PBXBuildFile; fileRef = B9004C01208BC85600781D5E /* Main.storyboard */; };
		B9004C05208BC85600781D5E /* Assets.xcassets in Resources */ = {isa = PBXBuildFile; fileRef = B9004C04208BC85600781D5E /* Assets.xcassets */; };
		B9004C08208BC85600781D5E /* LaunchScreen.storyboard in Resources */ = {isa = PBXBuildFile; fileRef = B9004C06208BC85600781D5E /* LaunchScreen.storyboard */; };
		B9004C13208BC85600781D5E /* Rocket_MapperTests.swift in Sources */ = {isa = PBXBuildFile; fileRef = B9004C12208BC85600781D5E /* Rocket_MapperTests.swift */; };
		B9004C1E208BC85600781D5E /* Rocket_MapperUITests.swift in Sources */ = {isa = PBXBuildFile; fileRef = B9004C1D208BC85600781D5E /* Rocket_MapperUITests.swift */; };
		B9004C2F208BCE0200781D5E /* ApiKeys.plist in Resources */ = {isa = PBXBuildFile; fileRef = B9004C2E208BCE0200781D5E /* ApiKeys.plist */; };
		B9004C30208BCE0200781D5E /* ApiKeys.plist in Resources */ = {isa = PBXBuildFile; fileRef = B9004C2E208BCE0200781D5E /* ApiKeys.plist */; };
		B9004C31208BCE0200781D5E /* ApiKeys.plist in Resources */ = {isa = PBXBuildFile; fileRef = B9004C2E208BCE0200781D5E /* ApiKeys.plist */; };
		B9CF4E5D2096CC3300882DAA /* launch.swift in Sources */ = {isa = PBXBuildFile; fileRef = B9CF4E5C2096CC3300882DAA /* launch.swift */; };
/* End PBXBuildFile section */

/* Begin PBXContainerItemProxy section */
		B9004C0F208BC85600781D5E /* PBXContainerItemProxy */ = {
			isa = PBXContainerItemProxy;
			containerPortal = B9004BF2208BC85600781D5E /* Project object */;
			proxyType = 1;
			remoteGlobalIDString = B9004BF9208BC85600781D5E;
			remoteInfo = Rocket_Mapper;
		};
		B9004C1A208BC85600781D5E /* PBXContainerItemProxy */ = {
			isa = PBXContainerItemProxy;
			containerPortal = B9004BF2208BC85600781D5E /* Project object */;
			proxyType = 1;
			remoteGlobalIDString = B9004BF9208BC85600781D5E;
			remoteInfo = Rocket_Mapper;
		};
/* End PBXContainerItemProxy section */

/* Begin PBXFileReference section */
		0D6C5B29688637DB113DC0F0 /* Pods-Rocket_MapperTests.debug.xcconfig */ = {isa = PBXFileReference; includeInIndex = 1; lastKnownFileType = text.xcconfig; name = "Pods-Rocket_MapperTests.debug.xcconfig"; path = "Pods/Target Support Files/Pods-Rocket_MapperTests/Pods-Rocket_MapperTests.debug.xcconfig"; sourceTree = "<group>"; };
		187F8F7712D6A8ED4AC79B31 /* Pods-Rocket_MapperUITests.debug.xcconfig */ = {isa = PBXFileReference; includeInIndex = 1; lastKnownFileType = text.xcconfig; name = "Pods-Rocket_MapperUITests.debug.xcconfig"; path = "Pods/Target Support Files/Pods-Rocket_MapperUITests/Pods-Rocket_MapperUITests.debug.xcconfig"; sourceTree = "<group>"; };
		35B206D7EAFE2E4327D6CE1C /* Pods_Rocket_MapperUITests.framework */ = {isa = PBXFileReference; explicitFileType = wrapper.framework; includeInIndex = 0; path = Pods_Rocket_MapperUITests.framework; sourceTree = BUILT_PRODUCTS_DIR; };
		73A16E54FB0622ED7FC1E8B9 /* Pods-Rocket_MapperTests.release.xcconfig */ = {isa = PBXFileReference; includeInIndex = 1; lastKnownFileType = text.xcconfig; name = "Pods-Rocket_MapperTests.release.xcconfig"; path = "Pods/Target Support Files/Pods-Rocket_MapperTests/Pods-Rocket_MapperTests.release.xcconfig"; sourceTree = "<group>"; };
		99D605F4607B306CC9C9A007 /* Pods-Rocket_Mapper.debug.xcconfig */ = {isa = PBXFileReference; includeInIndex = 1; lastKnownFileType = text.xcconfig; name = "Pods-Rocket_Mapper.debug.xcconfig"; path = "Pods/Target Support Files/Pods-Rocket_Mapper/Pods-Rocket_Mapper.debug.xcconfig"; sourceTree = "<group>"; };
		ADEFA32765F21073CA2173F1 /* Pods_Rocket_MapperTests.framework */ = {isa = PBXFileReference; explicitFileType = wrapper.framework; includeInIndex = 0; path = Pods_Rocket_MapperTests.framework; sourceTree = BUILT_PRODUCTS_DIR; };
		B9004BFA208BC85600781D5E /* Rocket_Mapper.app */ = {isa = PBXFileReference; explicitFileType = wrapper.application; includeInIndex = 0; path = Rocket_Mapper.app; sourceTree = BUILT_PRODUCTS_DIR; };
		B9004BFD208BC85600781D5E /* AppDelegate.swift */ = {isa = PBXFileReference; lastKnownFileType = sourcecode.swift; path = AppDelegate.swift; sourceTree = "<group>"; };
		B9004BFF208BC85600781D5E /* MapsViewController.swift */ = {isa = PBXFileReference; lastKnownFileType = sourcecode.swift; path = MapsViewController.swift; sourceTree = "<group>"; };
		B9004C02208BC85600781D5E /* Base */ = {isa = PBXFileReference; lastKnownFileType = file.storyboard; name = Base; path = Base.lproj/Main.storyboard; sourceTree = "<group>"; };
		B9004C04208BC85600781D5E /* Assets.xcassets */ = {isa = PBXFileReference; lastKnownFileType = folder.assetcatalog; path = Assets.xcassets; sourceTree = "<group>"; };
		B9004C07208BC85600781D5E /* Base */ = {isa = PBXFileReference; lastKnownFileType = file.storyboard; name = Base; path = Base.lproj/LaunchScreen.storyboard; sourceTree = "<group>"; };
		B9004C09208BC85600781D5E /* Info.plist */ = {isa = PBXFileReference; lastKnownFileType = text.plist.xml; path = Info.plist; sourceTree = "<group>"; };
		B9004C0E208BC85600781D5E /* Rocket_MapperTests.xctest */ = {isa = PBXFileReference; explicitFileType = wrapper.cfbundle; includeInIndex = 0; path = Rocket_MapperTests.xctest; sourceTree = BUILT_PRODUCTS_DIR; };
		B9004C12208BC85600781D5E /* Rocket_MapperTests.swift */ = {isa = PBXFileReference; lastKnownFileType = sourcecode.swift; path = Rocket_MapperTests.swift; sourceTree = "<group>"; };
		B9004C14208BC85600781D5E /* Info.plist */ = {isa = PBXFileReference; lastKnownFileType = text.plist.xml; path = Info.plist; sourceTree = "<group>"; };
		B9004C19208BC85600781D5E /* Rocket_MapperUITests.xctest */ = {isa = PBXFileReference; explicitFileType = wrapper.cfbundle; includeInIndex = 0; path = Rocket_MapperUITests.xctest; sourceTree = BUILT_PRODUCTS_DIR; };
		B9004C1D208BC85600781D5E /* Rocket_MapperUITests.swift */ = {isa = PBXFileReference; lastKnownFileType = sourcecode.swift; path = Rocket_MapperUITests.swift; sourceTree = "<group>"; };
		B9004C1F208BC85600781D5E /* Info.plist */ = {isa = PBXFileReference; lastKnownFileType = text.plist.xml; path = Info.plist; sourceTree = "<group>"; };
		B9004C2E208BCE0200781D5E /* ApiKeys.plist */ = {isa = PBXFileReference; lastKnownFileType = text.plist.xml; path = ApiKeys.plist; sourceTree = "<group>"; };
		B9CF4E5C2096CC3300882DAA /* launch.swift */ = {isa = PBXFileReference; lastKnownFileType = sourcecode.swift; path = launch.swift; sourceTree = "<group>"; };
		D87259FB475E06453D8160CA /* Pods-Rocket_Mapper.release.xcconfig */ = {isa = PBXFileReference; includeInIndex = 1; lastKnownFileType = text.xcconfig; name = "Pods-Rocket_Mapper.release.xcconfig"; path = "Pods/Target Support Files/Pods-Rocket_Mapper/Pods-Rocket_Mapper.release.xcconfig"; sourceTree = "<group>"; };
		E0AEC5FD27E0CC2775735E7C /* Pods-Rocket_MapperUITests.release.xcconfig */ = {isa = PBXFileReference; includeInIndex = 1; lastKnownFileType = text.xcconfig; name = "Pods-Rocket_MapperUITests.release.xcconfig"; path = "Pods/Target Support Files/Pods-Rocket_MapperUITests/Pods-Rocket_MapperUITests.release.xcconfig"; sourceTree = "<group>"; };
		F0459680C10A9A005629345B /* Pods_Rocket_Mapper.framework */ = {isa = PBXFileReference; explicitFileType = wrapper.framework; includeInIndex = 0; path = Pods_Rocket_Mapper.framework; sourceTree = BUILT_PRODUCTS_DIR; };
/* End PBXFileReference section */

/* Begin PBXFrameworksBuildPhase section */
		B9004BF7208BC85600781D5E /* Frameworks */ = {
			isa = PBXFrameworksBuildPhase;
			buildActionMask = 2147483647;
			files = (
				B0216A5E80F376844788947F /* Pods_Rocket_Mapper.framework in Frameworks */,
			);
			runOnlyForDeploymentPostprocessing = 0;
		};
		B9004C0B208BC85600781D5E /* Frameworks */ = {
			isa = PBXFrameworksBuildPhase;
			buildActionMask = 2147483647;
			files = (
				79315CAF23CBF51D4B5470C3 /* Pods_Rocket_MapperTests.framework in Frameworks */,
			);
			runOnlyForDeploymentPostprocessing = 0;
		};
		B9004C16208BC85600781D5E /* Frameworks */ = {
			isa = PBXFrameworksBuildPhase;
			buildActionMask = 2147483647;
			files = (
				809E682341A1D75CC6855D36 /* Pods_Rocket_MapperUITests.framework in Frameworks */,
			);
			runOnlyForDeploymentPostprocessing = 0;
		};
/* End PBXFrameworksBuildPhase section */

/* Begin PBXGroup section */
		2F731F1B09981AC4F97394CD /* Frameworks */ = {
			isa = PBXGroup;
			children = (
				F0459680C10A9A005629345B /* Pods_Rocket_Mapper.framework */,
				ADEFA32765F21073CA2173F1 /* Pods_Rocket_MapperTests.framework */,
				35B206D7EAFE2E4327D6CE1C /* Pods_Rocket_MapperUITests.framework */,
			);
			name = Frameworks;
			sourceTree = "<group>";
		};
		77BC94B26194333F1ACCDA54 /* Pods */ = {
			isa = PBXGroup;
			children = (
				99D605F4607B306CC9C9A007 /* Pods-Rocket_Mapper.debug.xcconfig */,
				D87259FB475E06453D8160CA /* Pods-Rocket_Mapper.release.xcconfig */,
				0D6C5B29688637DB113DC0F0 /* Pods-Rocket_MapperTests.debug.xcconfig */,
				73A16E54FB0622ED7FC1E8B9 /* Pods-Rocket_MapperTests.release.xcconfig */,
				187F8F7712D6A8ED4AC79B31 /* Pods-Rocket_MapperUITests.debug.xcconfig */,
				E0AEC5FD27E0CC2775735E7C /* Pods-Rocket_MapperUITests.release.xcconfig */,
			);
			name = Pods;
			sourceTree = "<group>";
		};
		B9004BF1208BC85600781D5E = {
			isa = PBXGroup;
			children = (
				B9004BFC208BC85600781D5E /* Rocket_Mapper */,
				B9004C11208BC85600781D5E /* Rocket_MapperTests */,
				B9004C1C208BC85600781D5E /* Rocket_MapperUITests */,
				B9004BFB208BC85600781D5E /* Products */,
				77BC94B26194333F1ACCDA54 /* Pods */,
				2F731F1B09981AC4F97394CD /* Frameworks */,
			);
			sourceTree = "<group>";
		};
		B9004BFB208BC85600781D5E /* Products */ = {
			isa = PBXGroup;
			children = (
				B9004BFA208BC85600781D5E /* Rocket_Mapper.app */,
				B9004C0E208BC85600781D5E /* Rocket_MapperTests.xctest */,
				B9004C19208BC85600781D5E /* Rocket_MapperUITests.xctest */,
			);
			name = Products;
			sourceTree = "<group>";
		};
		B9004BFC208BC85600781D5E /* Rocket_Mapper */ = {
			isa = PBXGroup;
			children = (
				B9004BFD208BC85600781D5E /* AppDelegate.swift */,
				B9004C2B208BC86F00781D5E /* Models */,
				B9004C2C208BC87900781D5E /* Views */,
				B9004C2D208BC87E00781D5E /* Controllers */,
				B9004C04208BC85600781D5E /* Assets.xcassets */,
				B9004C09208BC85600781D5E /* Info.plist */,
				B9004C2E208BCE0200781D5E /* ApiKeys.plist */,
			);
			path = Rocket_Mapper;
			sourceTree = "<group>";
		};
		B9004C11208BC85600781D5E /* Rocket_MapperTests */ = {
			isa = PBXGroup;
			children = (
				B9004C12208BC85600781D5E /* Rocket_MapperTests.swift */,
				B9004C14208BC85600781D5E /* Info.plist */,
			);
			path = Rocket_MapperTests;
			sourceTree = "<group>";
		};
		B9004C1C208BC85600781D5E /* Rocket_MapperUITests */ = {
			isa = PBXGroup;
			children = (
				B9004C1D208BC85600781D5E /* Rocket_MapperUITests.swift */,
				B9004C1F208BC85600781D5E /* Info.plist */,
			);
			path = Rocket_MapperUITests;
			sourceTree = "<group>";
		};
		B9004C2B208BC86F00781D5E /* Models */ = {
			isa = PBXGroup;
			children = (
				B9CF4E5C2096CC3300882DAA /* launch.swift */,
			);
			path = Models;
			sourceTree = "<group>";
		};
		B9004C2C208BC87900781D5E /* Views */ = {
			isa = PBXGroup;
			children = (
				B9004C06208BC85600781D5E /* LaunchScreen.storyboard */,
				B9004C01208BC85600781D5E /* Main.storyboard */,
			);
			path = Views;
			sourceTree = "<group>";
		};
		B9004C2D208BC87E00781D5E /* Controllers */ = {
			isa = PBXGroup;
			children = (
				B9004BFF208BC85600781D5E /* MapsViewController.swift */,
			);
			path = Controllers;
			sourceTree = "<group>";
		};
/* End PBXGroup section */

/* Begin PBXNativeTarget section */
		B9004BF9208BC85600781D5E /* Rocket_Mapper */ = {
			isa = PBXNativeTarget;
			buildConfigurationList = B9004C22208BC85600781D5E /* Build configuration list for PBXNativeTarget "Rocket_Mapper" */;
			buildPhases = (
				04B7BB853A022546FC077E95 /* [CP] Check Pods Manifest.lock */,
				B9004BF6208BC85600781D5E /* Sources */,
				B9004BF7208BC85600781D5E /* Frameworks */,
				B9004BF8208BC85600781D5E /* Resources */,
				3CAC950ACF14479156219633 /* [CP] Embed Pods Frameworks */,
				69820F0AD530F2B95098B83E /* [CP] Copy Pods Resources */,
			);
			buildRules = (
			);
			dependencies = (
			);
			name = Rocket_Mapper;
			productName = Rocket_Mapper;
			productReference = B9004BFA208BC85600781D5E /* Rocket_Mapper.app */;
			productType = "com.apple.product-type.application";
		};
		B9004C0D208BC85600781D5E /* Rocket_MapperTests */ = {
			isa = PBXNativeTarget;
			buildConfigurationList = B9004C25208BC85600781D5E /* Build configuration list for PBXNativeTarget "Rocket_MapperTests" */;
			buildPhases = (
				B12AF905D66E6595984DD749 /* [CP] Check Pods Manifest.lock */,
				B9004C0A208BC85600781D5E /* Sources */,
				B9004C0B208BC85600781D5E /* Frameworks */,
				B9004C0C208BC85600781D5E /* Resources */,
				FA88AB0D7F8E841643B8090D /* [CP] Embed Pods Frameworks */,
				6BE608857DE03370131DA9F7 /* [CP] Copy Pods Resources */,
			);
			buildRules = (
			);
			dependencies = (
				B9004C10208BC85600781D5E /* PBXTargetDependency */,
			);
			name = Rocket_MapperTests;
			productName = Rocket_MapperTests;
			productReference = B9004C0E208BC85600781D5E /* Rocket_MapperTests.xctest */;
			productType = "com.apple.product-type.bundle.unit-test";
		};
		B9004C18208BC85600781D5E /* Rocket_MapperUITests */ = {
			isa = PBXNativeTarget;
			buildConfigurationList = B9004C28208BC85600781D5E /* Build configuration list for PBXNativeTarget "Rocket_MapperUITests" */;
			buildPhases = (
				152014EC293215C81AC27C0B /* [CP] Check Pods Manifest.lock */,
				B9004C15208BC85600781D5E /* Sources */,
				B9004C16208BC85600781D5E /* Frameworks */,
				B9004C17208BC85600781D5E /* Resources */,
				B2C9B341BE9B6357A3283CFA /* [CP] Embed Pods Frameworks */,
				CFD3129039C6230B39B6B52F /* [CP] Copy Pods Resources */,
			);
			buildRules = (
			);
			dependencies = (
				B9004C1B208BC85600781D5E /* PBXTargetDependency */,
			);
			name = Rocket_MapperUITests;
			productName = Rocket_MapperUITests;
			productReference = B9004C19208BC85600781D5E /* Rocket_MapperUITests.xctest */;
			productType = "com.apple.product-type.bundle.ui-testing";
		};
/* End PBXNativeTarget section */

/* Begin PBXProject section */
		B9004BF2208BC85600781D5E /* Project object */ = {
			isa = PBXProject;
			attributes = {
				LastSwiftUpdateCheck = 0920;
				LastUpgradeCheck = 0920;
				ORGANIZATIONNAME = "Ian Rigg";
				TargetAttributes = {
					B9004BF9208BC85600781D5E = {
						CreatedOnToolsVersion = 9.2;
						ProvisioningStyle = Automatic;
					};
					B9004C0D208BC85600781D5E = {
						CreatedOnToolsVersion = 9.2;
						ProvisioningStyle = Automatic;
						TestTargetID = B9004BF9208BC85600781D5E;
					};
					B9004C18208BC85600781D5E = {
						CreatedOnToolsVersion = 9.2;
						ProvisioningStyle = Automatic;
						TestTargetID = B9004BF9208BC85600781D5E;
					};
				};
			};
			buildConfigurationList = B9004BF5208BC85600781D5E /* Build configuration list for PBXProject "Rocket_Mapper" */;
			compatibilityVersion = "Xcode 8.0";
			developmentRegion = en;
			hasScannedForEncodings = 0;
			knownRegions = (
				en,
				Base,
			);
			mainGroup = B9004BF1208BC85600781D5E;
			productRefGroup = B9004BFB208BC85600781D5E /* Products */;
			projectDirPath = "";
			projectRoot = "";
			targets = (
				B9004BF9208BC85600781D5E /* Rocket_Mapper */,
				B9004C0D208BC85600781D5E /* Rocket_MapperTests */,
				B9004C18208BC85600781D5E /* Rocket_MapperUITests */,
			);
		};
/* End PBXProject section */

/* Begin PBXResourcesBuildPhase section */
		B9004BF8208BC85600781D5E /* Resources */ = {
			isa = PBXResourcesBuildPhase;
			buildActionMask = 2147483647;
			files = (
				B9004C08208BC85600781D5E /* LaunchScreen.storyboard in Resources */,
				B9004C2F208BCE0200781D5E /* ApiKeys.plist in Resources */,
				B9004C05208BC85600781D5E /* Assets.xcassets in Resources */,
				B9004C03208BC85600781D5E /* Main.storyboard in Resources */,
			);
			runOnlyForDeploymentPostprocessing = 0;
		};
		B9004C0C208BC85600781D5E /* Resources */ = {
			isa = PBXResourcesBuildPhase;
			buildActionMask = 2147483647;
			files = (
				B9004C30208BCE0200781D5E /* ApiKeys.plist in Resources */,
			);
			runOnlyForDeploymentPostprocessing = 0;
		};
		B9004C17208BC85600781D5E /* Resources */ = {
			isa = PBXResourcesBuildPhase;
			buildActionMask = 2147483647;
			files = (
				B9004C31208BCE0200781D5E /* ApiKeys.plist in Resources */,
			);
			runOnlyForDeploymentPostprocessing = 0;
		};
/* End PBXResourcesBuildPhase section */

/* Begin PBXShellScriptBuildPhase section */
		04B7BB853A022546FC077E95 /* [CP] Check Pods Manifest.lock */ = {
			isa = PBXShellScriptBuildPhase;
			buildActionMask = 2147483647;
			files = (
			);
			inputPaths = (
				"${PODS_PODFILE_DIR_PATH}/Podfile.lock",
				"${PODS_ROOT}/Manifest.lock",
			);
			name = "[CP] Check Pods Manifest.lock";
			outputPaths = (
				"$(DERIVED_FILE_DIR)/Pods-Rocket_Mapper-checkManifestLockResult.txt",
			);
			runOnlyForDeploymentPostprocessing = 0;
			shellPath = /bin/sh;
			shellScript = "diff \"${PODS_PODFILE_DIR_PATH}/Podfile.lock\" \"${PODS_ROOT}/Manifest.lock\" > /dev/null\nif [ $? != 0 ] ; then\n    # print error to STDERR\n    echo \"error: The sandbox is not in sync with the Podfile.lock. Run 'pod install' or update your CocoaPods installation.\" >&2\n    exit 1\nfi\n# This output is used by Xcode 'outputs' to avoid re-running this script phase.\necho \"SUCCESS\" > \"${SCRIPT_OUTPUT_FILE_0}\"\n";
			showEnvVarsInLog = 0;
		};
		152014EC293215C81AC27C0B /* [CP] Check Pods Manifest.lock */ = {
			isa = PBXShellScriptBuildPhase;
			buildActionMask = 2147483647;
			files = (
			);
			inputPaths = (
				"${PODS_PODFILE_DIR_PATH}/Podfile.lock",
				"${PODS_ROOT}/Manifest.lock",
			);
			name = "[CP] Check Pods Manifest.lock";
			outputPaths = (
				"$(DERIVED_FILE_DIR)/Pods-Rocket_MapperUITests-checkManifestLockResult.txt",
			);
			runOnlyForDeploymentPostprocessing = 0;
			shellPath = /bin/sh;
			shellScript = "diff \"${PODS_PODFILE_DIR_PATH}/Podfile.lock\" \"${PODS_ROOT}/Manifest.lock\" > /dev/null\nif [ $? != 0 ] ; then\n    # print error to STDERR\n    echo \"error: The sandbox is not in sync with the Podfile.lock. Run 'pod install' or update your CocoaPods installation.\" >&2\n    exit 1\nfi\n# This output is used by Xcode 'outputs' to avoid re-running this script phase.\necho \"SUCCESS\" > \"${SCRIPT_OUTPUT_FILE_0}\"\n";
			showEnvVarsInLog = 0;
		};
		3CAC950ACF14479156219633 /* [CP] Embed Pods Frameworks */ = {
			isa = PBXShellScriptBuildPhase;
			buildActionMask = 2147483647;
			files = (
			);
			inputPaths = (
				"${SRCROOT}/Pods/Target Support Files/Pods-Rocket_Mapper/Pods-Rocket_Mapper-frameworks.sh",
				"${BUILT_PRODUCTS_DIR}/Alamofire/Alamofire.framework",
				"${BUILT_PRODUCTS_DIR}/SwiftyJSON/SwiftyJSON.framework",
			);
			name = "[CP] Embed Pods Frameworks";
			outputPaths = (
				"${TARGET_BUILD_DIR}/${FRAMEWORKS_FOLDER_PATH}/Alamofire.framework",
				"${TARGET_BUILD_DIR}/${FRAMEWORKS_FOLDER_PATH}/SwiftyJSON.framework",
			);
			runOnlyForDeploymentPostprocessing = 0;
			shellPath = /bin/sh;
			shellScript = "\"${SRCROOT}/Pods/Target Support Files/Pods-Rocket_Mapper/Pods-Rocket_Mapper-frameworks.sh\"\n";
			showEnvVarsInLog = 0;
		};
		69820F0AD530F2B95098B83E /* [CP] Copy Pods Resources */ = {
			isa = PBXShellScriptBuildPhase;
			buildActionMask = 2147483647;
			files = (
			);
			inputPaths = (
				"${SRCROOT}/Pods/Target Support Files/Pods-Rocket_Mapper/Pods-Rocket_Mapper-resources.sh",
				"${PODS_ROOT}/GoogleMaps/Maps/Frameworks/GoogleMaps.framework/Resources/GoogleMaps.bundle",
			);
			name = "[CP] Copy Pods Resources";
			outputPaths = (
				"${TARGET_BUILD_DIR}/${UNLOCALIZED_RESOURCES_FOLDER_PATH}/GoogleMaps.bundle",
			);
			runOnlyForDeploymentPostprocessing = 0;
			shellPath = /bin/sh;
			shellScript = "\"${SRCROOT}/Pods/Target Support Files/Pods-Rocket_Mapper/Pods-Rocket_Mapper-resources.sh\"\n";
			showEnvVarsInLog = 0;
		};
		6BE608857DE03370131DA9F7 /* [CP] Copy Pods Resources */ = {
			isa = PBXShellScriptBuildPhase;
			buildActionMask = 2147483647;
			files = (
			);
			inputPaths = (
			);
			name = "[CP] Copy Pods Resources";
			outputPaths = (
			);
			runOnlyForDeploymentPostprocessing = 0;
			shellPath = /bin/sh;
			shellScript = "\"${SRCROOT}/Pods/Target Support Files/Pods-Rocket_MapperTests/Pods-Rocket_MapperTests-resources.sh\"\n";
			showEnvVarsInLog = 0;
		};
		B12AF905D66E6595984DD749 /* [CP] Check Pods Manifest.lock */ = {
			isa = PBXShellScriptBuildPhase;
			buildActionMask = 2147483647;
			files = (
			);
			inputPaths = (
				"${PODS_PODFILE_DIR_PATH}/Podfile.lock",
				"${PODS_ROOT}/Manifest.lock",
			);
			name = "[CP] Check Pods Manifest.lock";
			outputPaths = (
				"$(DERIVED_FILE_DIR)/Pods-Rocket_MapperTests-checkManifestLockResult.txt",
			);
			runOnlyForDeploymentPostprocessing = 0;
			shellPath = /bin/sh;
			shellScript = "diff \"${PODS_PODFILE_DIR_PATH}/Podfile.lock\" \"${PODS_ROOT}/Manifest.lock\" > /dev/null\nif [ $? != 0 ] ; then\n    # print error to STDERR\n    echo \"error: The sandbox is not in sync with the Podfile.lock. Run 'pod install' or update your CocoaPods installation.\" >&2\n    exit 1\nfi\n# This output is used by Xcode 'outputs' to avoid re-running this script phase.\necho \"SUCCESS\" > \"${SCRIPT_OUTPUT_FILE_0}\"\n";
			showEnvVarsInLog = 0;
		};
		B2C9B341BE9B6357A3283CFA /* [CP] Embed Pods Frameworks */ = {
			isa = PBXShellScriptBuildPhase;
			buildActionMask = 2147483647;
			files = (
			);
			inputPaths = (
			);
			name = "[CP] Embed Pods Frameworks";
			outputPaths = (
			);
			runOnlyForDeploymentPostprocessing = 0;
			shellPath = /bin/sh;
			shellScript = "\"${SRCROOT}/Pods/Target Support Files/Pods-Rocket_MapperUITests/Pods-Rocket_MapperUITests-frameworks.sh\"\n";
			showEnvVarsInLog = 0;
		};
		CFD3129039C6230B39B6B52F /* [CP] Copy Pods Resources */ = {
			isa = PBXShellScriptBuildPhase;
			buildActionMask = 2147483647;
			files = (
			);
			inputPaths = (
			);
			name = "[CP] Copy Pods Resources";
			outputPaths = (
			);
			runOnlyForDeploymentPostprocessing = 0;
			shellPath = /bin/sh;
			shellScript = "\"${SRCROOT}/Pods/Target Support Files/Pods-Rocket_MapperUITests/Pods-Rocket_MapperUITests-resources.sh\"\n";
			showEnvVarsInLog = 0;
		};
		FA88AB0D7F8E841643B8090D /* [CP] Embed Pods Frameworks */ = {
			isa = PBXShellScriptBuildPhase;
			buildActionMask = 2147483647;
			files = (
			);
			inputPaths = (
			);
			name = "[CP] Embed Pods Frameworks";
			outputPaths = (
			);
			runOnlyForDeploymentPostprocessing = 0;
			shellPath = /bin/sh;
			shellScript = "\"${SRCROOT}/Pods/Target Support Files/Pods-Rocket_MapperTests/Pods-Rocket_MapperTests-frameworks.sh\"\n";
			showEnvVarsInLog = 0;
		};
/* End PBXShellScriptBuildPhase section */

/* Begin PBXSourcesBuildPhase section */
		B9004BF6208BC85600781D5E /* Sources */ = {
			isa = PBXSourcesBuildPhase;
			buildActionMask = 2147483647;
			files = (
				B9004C00208BC85600781D5E /* MapsViewController.swift in Sources */,
				B9004BFE208BC85600781D5E /* AppDelegate.swift in Sources */,
				B9CF4E5D2096CC3300882DAA /* launch.swift in Sources */,
			);
			runOnlyForDeploymentPostprocessing = 0;
		};
		B9004C0A208BC85600781D5E /* Sources */ = {
			isa = PBXSourcesBuildPhase;
			buildActionMask = 2147483647;
			files = (
				B9004C13208BC85600781D5E /* Rocket_MapperTests.swift in Sources */,
			);
			runOnlyForDeploymentPostprocessing = 0;
		};
		B9004C15208BC85600781D5E /* Sources */ = {
			isa = PBXSourcesBuildPhase;
			buildActionMask = 2147483647;
			files = (
				B9004C1E208BC85600781D5E /* Rocket_MapperUITests.swift in Sources */,
			);
			runOnlyForDeploymentPostprocessing = 0;
		};
/* End PBXSourcesBuildPhase section */

/* Begin PBXTargetDependency section */
		B9004C10208BC85600781D5E /* PBXTargetDependency */ = {
			isa = PBXTargetDependency;
			target = B9004BF9208BC85600781D5E /* Rocket_Mapper */;
			targetProxy = B9004C0F208BC85600781D5E /* PBXContainerItemProxy */;
		};
		B9004C1B208BC85600781D5E /* PBXTargetDependency */ = {
			isa = PBXTargetDependency;
			target = B9004BF9208BC85600781D5E /* Rocket_Mapper */;
			targetProxy = B9004C1A208BC85600781D5E /* PBXContainerItemProxy */;
		};
/* End PBXTargetDependency section */

/* Begin PBXVariantGroup section */
		B9004C01208BC85600781D5E /* Main.storyboard */ = {
			isa = PBXVariantGroup;
			children = (
				B9004C02208BC85600781D5E /* Base */,
			);
			name = Main.storyboard;
			sourceTree = "<group>";
		};
		B9004C06208BC85600781D5E /* LaunchScreen.storyboard */ = {
			isa = PBXVariantGroup;
			children = (
				B9004C07208BC85600781D5E /* Base */,
			);
			name = LaunchScreen.storyboard;
			sourceTree = "<group>";
		};
/* End PBXVariantGroup section */

/* Begin XCBuildConfiguration section */
		B9004C20208BC85600781D5E /* Debug */ = {
			isa = XCBuildConfiguration;
			buildSettings = {
				ALWAYS_SEARCH_USER_PATHS = NO;
				CLANG_ANALYZER_NONNULL = YES;
				CLANG_ANALYZER_NUMBER_OBJECT_CONVERSION = YES_AGGRESSIVE;
				CLANG_CXX_LANGUAGE_STANDARD = "gnu++14";
				CLANG_CXX_LIBRARY = "libc++";
				CLANG_ENABLE_MODULES = YES;
				CLANG_ENABLE_OBJC_ARC = YES;
				CLANG_WARN_BLOCK_CAPTURE_AUTORELEASING = YES;
				CLANG_WARN_BOOL_CONVERSION = YES;
				CLANG_WARN_COMMA = YES;
				CLANG_WARN_CONSTANT_CONVERSION = YES;
				CLANG_WARN_DIRECT_OBJC_ISA_USAGE = YES_ERROR;
				CLANG_WARN_DOCUMENTATION_COMMENTS = YES;
				CLANG_WARN_EMPTY_BODY = YES;
				CLANG_WARN_ENUM_CONVERSION = YES;
				CLANG_WARN_INFINITE_RECURSION = YES;
				CLANG_WARN_INT_CONVERSION = YES;
				CLANG_WARN_NON_LITERAL_NULL_CONVERSION = YES;
				CLANG_WARN_OBJC_LITERAL_CONVERSION = YES;
				CLANG_WARN_OBJC_ROOT_CLASS = YES_ERROR;
				CLANG_WARN_RANGE_LOOP_ANALYSIS = YES;
				CLANG_WARN_STRICT_PROTOTYPES = YES;
				CLANG_WARN_SUSPICIOUS_MOVE = YES;
				CLANG_WARN_UNGUARDED_AVAILABILITY = YES_AGGRESSIVE;
				CLANG_WARN_UNREACHABLE_CODE = YES;
				CLANG_WARN__DUPLICATE_METHOD_MATCH = YES;
				CODE_SIGN_IDENTITY = "iPhone Developer";
				COPY_PHASE_STRIP = NO;
				DEBUG_INFORMATION_FORMAT = dwarf;
				ENABLE_STRICT_OBJC_MSGSEND = YES;
				ENABLE_TESTABILITY = YES;
				GCC_C_LANGUAGE_STANDARD = gnu11;
				GCC_DYNAMIC_NO_PIC = NO;
				GCC_NO_COMMON_BLOCKS = YES;
				GCC_OPTIMIZATION_LEVEL = 0;
				GCC_PREPROCESSOR_DEFINITIONS = (
					"DEBUG=1",
					"$(inherited)",
				);
				GCC_WARN_64_TO_32_BIT_CONVERSION = YES;
				GCC_WARN_ABOUT_RETURN_TYPE = YES_ERROR;
				GCC_WARN_UNDECLARED_SELECTOR = YES;
				GCC_WARN_UNINITIALIZED_AUTOS = YES_AGGRESSIVE;
				GCC_WARN_UNUSED_FUNCTION = YES;
				GCC_WARN_UNUSED_VARIABLE = YES;
				IPHONEOS_DEPLOYMENT_TARGET = 11.2;
				MTL_ENABLE_DEBUG_INFO = YES;
				ONLY_ACTIVE_ARCH = YES;
				SDKROOT = iphoneos;
				SWIFT_ACTIVE_COMPILATION_CONDITIONS = DEBUG;
				SWIFT_OPTIMIZATION_LEVEL = "-Onone";
			};
			name = Debug;
		};
		B9004C21208BC85600781D5E /* Release */ = {
			isa = XCBuildConfiguration;
			buildSettings = {
				ALWAYS_SEARCH_USER_PATHS = NO;
				CLANG_ANALYZER_NONNULL = YES;
				CLANG_ANALYZER_NUMBER_OBJECT_CONVERSION = YES_AGGRESSIVE;
				CLANG_CXX_LANGUAGE_STANDARD = "gnu++14";
				CLANG_CXX_LIBRARY = "libc++";
				CLANG_ENABLE_MODULES = YES;
				CLANG_ENABLE_OBJC_ARC = YES;
				CLANG_WARN_BLOCK_CAPTURE_AUTORELEASING = YES;
				CLANG_WARN_BOOL_CONVERSION = YES;
				CLANG_WARN_COMMA = YES;
				CLANG_WARN_CONSTANT_CONVERSION = YES;
				CLANG_WARN_DIRECT_OBJC_ISA_USAGE = YES_ERROR;
				CLANG_WARN_DOCUMENTATION_COMMENTS = YES;
				CLANG_WARN_EMPTY_BODY = YES;
				CLANG_WARN_ENUM_CONVERSION = YES;
				CLANG_WARN_INFINITE_RECURSION = YES;
				CLANG_WARN_INT_CONVERSION = YES;
				CLANG_WARN_NON_LITERAL_NULL_CONVERSION = YES;
				CLANG_WARN_OBJC_LITERAL_CONVERSION = YES;
				CLANG_WARN_OBJC_ROOT_CLASS = YES_ERROR;
				CLANG_WARN_RANGE_LOOP_ANALYSIS = YES;
				CLANG_WARN_STRICT_PROTOTYPES = YES;
				CLANG_WARN_SUSPICIOUS_MOVE = YES;
				CLANG_WARN_UNGUARDED_AVAILABILITY = YES_AGGRESSIVE;
				CLANG_WARN_UNREACHABLE_CODE = YES;
				CLANG_WARN__DUPLICATE_METHOD_MATCH = YES;
				CODE_SIGN_IDENTITY = "iPhone Developer";
				COPY_PHASE_STRIP = NO;
				DEBUG_INFORMATION_FORMAT = "dwarf-with-dsym";
				ENABLE_NS_ASSERTIONS = NO;
				ENABLE_STRICT_OBJC_MSGSEND = YES;
				GCC_C_LANGUAGE_STANDARD = gnu11;
				GCC_NO_COMMON_BLOCKS = YES;
				GCC_WARN_64_TO_32_BIT_CONVERSION = YES;
				GCC_WARN_ABOUT_RETURN_TYPE = YES_ERROR;
				GCC_WARN_UNDECLARED_SELECTOR = YES;
				GCC_WARN_UNINITIALIZED_AUTOS = YES_AGGRESSIVE;
				GCC_WARN_UNUSED_FUNCTION = YES;
				GCC_WARN_UNUSED_VARIABLE = YES;
				IPHONEOS_DEPLOYMENT_TARGET = 11.2;
				MTL_ENABLE_DEBUG_INFO = NO;
				SDKROOT = iphoneos;
				SWIFT_OPTIMIZATION_LEVEL = "-Owholemodule";
				VALIDATE_PRODUCT = YES;
			};
			name = Release;
		};
		B9004C23208BC85600781D5E /* Debug */ = {
			isa = XCBuildConfiguration;
			baseConfigurationReference = 99D605F4607B306CC9C9A007 /* Pods-Rocket_Mapper.debug.xcconfig */;
			buildSettings = {
				ASSETCATALOG_COMPILER_APPICON_NAME = AppIcon;
				CODE_SIGN_STYLE = Automatic;
				INFOPLIST_FILE = Rocket_Mapper/Info.plist;
				LD_RUNPATH_SEARCH_PATHS = "$(inherited) @executable_path/Frameworks";
				PRODUCT_BUNDLE_IDENTIFIER = "com.ianjrigg.ios.Rocket-Mapper";
				PRODUCT_NAME = "$(TARGET_NAME)";
				SWIFT_VERSION = 4.0;
				TARGETED_DEVICE_FAMILY = "1,2";
			};
			name = Debug;
		};
		B9004C24208BC85600781D5E /* Release */ = {
			isa = XCBuildConfiguration;
			baseConfigurationReference = D87259FB475E06453D8160CA /* Pods-Rocket_Mapper.release.xcconfig */;
			buildSettings = {
				ASSETCATALOG_COMPILER_APPICON_NAME = AppIcon;
				CODE_SIGN_STYLE = Automatic;
				INFOPLIST_FILE = Rocket_Mapper/Info.plist;
				LD_RUNPATH_SEARCH_PATHS = "$(inherited) @executable_path/Frameworks";
				PRODUCT_BUNDLE_IDENTIFIER = "com.ianjrigg.ios.Rocket-Mapper";
				PRODUCT_NAME = "$(TARGET_NAME)";
				SWIFT_VERSION = 4.0;
				TARGETED_DEVICE_FAMILY = "1,2";
			};
			name = Release;
		};
		B9004C26208BC85600781D5E /* Debug */ = {
			isa = XCBuildConfiguration;
			baseConfigurationReference = 0D6C5B29688637DB113DC0F0 /* Pods-Rocket_MapperTests.debug.xcconfig */;
			buildSettings = {
				ALWAYS_EMBED_SWIFT_STANDARD_LIBRARIES = YES;
				BUNDLE_LOADER = "$(TEST_HOST)";
				CODE_SIGN_STYLE = Automatic;
				INFOPLIST_FILE = Rocket_MapperTests/Info.plist;
				LD_RUNPATH_SEARCH_PATHS = "$(inherited) @executable_path/Frameworks @loader_path/Frameworks";
				PRODUCT_BUNDLE_IDENTIFIER = "com.ianjrigg.ios.Rocket-MapperTests";
				PRODUCT_NAME = "$(TARGET_NAME)";
				SWIFT_VERSION = 4.0;
				TARGETED_DEVICE_FAMILY = "1,2";
				TEST_HOST = "$(BUILT_PRODUCTS_DIR)/Rocket_Mapper.app/Rocket_Mapper";
			};
			name = Debug;
		};
		B9004C27208BC85600781D5E /* Release */ = {
			isa = XCBuildConfiguration;
			baseConfigurationReference = 73A16E54FB0622ED7FC1E8B9 /* Pods-Rocket_MapperTests.release.xcconfig */;
			buildSettings = {
				ALWAYS_EMBED_SWIFT_STANDARD_LIBRARIES = YES;
				BUNDLE_LOADER = "$(TEST_HOST)";
				CODE_SIGN_STYLE = Automatic;
				INFOPLIST_FILE = Rocket_MapperTests/Info.plist;
				LD_RUNPATH_SEARCH_PATHS = "$(inherited) @executable_path/Frameworks @loader_path/Frameworks";
				PRODUCT_BUNDLE_IDENTIFIER = "com.ianjrigg.ios.Rocket-MapperTests";
				PRODUCT_NAME = "$(TARGET_NAME)";
				SWIFT_VERSION = 4.0;
				TARGETED_DEVICE_FAMILY = "1,2";
				TEST_HOST = "$(BUILT_PRODUCTS_DIR)/Rocket_Mapper.app/Rocket_Mapper";
			};
			name = Release;
		};
		B9004C29208BC85600781D5E /* Debug */ = {
			isa = XCBuildConfiguration;
			baseConfigurationReference = 187F8F7712D6A8ED4AC79B31 /* Pods-Rocket_MapperUITests.debug.xcconfig */;
			buildSettings = {
				ALWAYS_EMBED_SWIFT_STANDARD_LIBRARIES = YES;
				CODE_SIGN_STYLE = Automatic;
				INFOPLIST_FILE = Rocket_MapperUITests/Info.plist;
				LD_RUNPATH_SEARCH_PATHS = "$(inherited) @executable_path/Frameworks @loader_path/Frameworks";
				PRODUCT_BUNDLE_IDENTIFIER = "com.ianjrigg.ios.Rocket-MapperUITests";
				PRODUCT_NAME = "$(TARGET_NAME)";
				SWIFT_VERSION = 4.0;
				TARGETED_DEVICE_FAMILY = "1,2";
				TEST_TARGET_NAME = Rocket_Mapper;
			};
			name = Debug;
		};
		B9004C2A208BC85600781D5E /* Release */ = {
			isa = XCBuildConfiguration;
			baseConfigurationReference = E0AEC5FD27E0CC2775735E7C /* Pods-Rocket_MapperUITests.release.xcconfig */;
			buildSettings = {
				ALWAYS_EMBED_SWIFT_STANDARD_LIBRARIES = YES;
				CODE_SIGN_STYLE = Automatic;
				INFOPLIST_FILE = Rocket_MapperUITests/Info.plist;
				LD_RUNPATH_SEARCH_PATHS = "$(inherited) @executable_path/Frameworks @loader_path/Frameworks";
				PRODUCT_BUNDLE_IDENTIFIER = "com.ianjrigg.ios.Rocket-MapperUITests";
				PRODUCT_NAME = "$(TARGET_NAME)";
				SWIFT_VERSION = 4.0;
				TARGETED_DEVICE_FAMILY = "1,2";
				TEST_TARGET_NAME = Rocket_Mapper;
			};
			name = Release;
		};
/* End XCBuildConfiguration section */

/* Begin XCConfigurationList section */
		B9004BF5208BC85600781D5E /* Build configuration list for PBXProject "Rocket_Mapper" */ = {
			isa = XCConfigurationList;
			buildConfigurations = (
				B9004C20208BC85600781D5E /* Debug */,
				B9004C21208BC85600781D5E /* Release */,
			);
			defaultConfigurationIsVisible = 0;
			defaultConfigurationName = Release;
		};
		B9004C22208BC85600781D5E /* Build configuration list for PBXNativeTarget "Rocket_Mapper" */ = {
			isa = XCConfigurationList;
			buildConfigurations = (
				B9004C23208BC85600781D5E /* Debug */,
				B9004C24208BC85600781D5E /* Release */,
			);
			defaultConfigurationIsVisible = 0;
			defaultConfigurationName = Release;
		};
		B9004C25208BC85600781D5E /* Build configuration list for PBXNativeTarget "Rocket_MapperTests" */ = {
			isa = XCConfigurationList;
			buildConfigurations = (
				B9004C26208BC85600781D5E /* Debug */,
				B9004C27208BC85600781D5E /* Release */,
			);
			defaultConfigurationIsVisible = 0;
			defaultConfigurationName = Release;
		};
		B9004C28208BC85600781D5E /* Build configuration list for PBXNativeTarget "Rocket_MapperUITests" */ = {
			isa = XCConfigurationList;
			buildConfigurations = (
				B9004C29208BC85600781D5E /* Debug */,
				B9004C2A208BC85600781D5E /* Release */,
			);
			defaultConfigurationIsVisible = 0;
			defaultConfigurationName = Release;
		};
/* End XCConfigurationList section */
	};
	rootObject = B9004BF2208BC85600781D5E /* Project object */;
}
